// !$*UTF8*$!
{
	archiveVersion = 1;
	classes = {
	};
	objectVersion = 48;
	objects = {

/* Begin PBXBuildFile section */
		8607AE871F8361A40013001E /* AppDelegate.swift in Sources */ = {isa = PBXBuildFile; fileRef = 8607AE861F8361A40013001E /* AppDelegate.swift */; };
		8607AE891F8361A40013001E /* MealViewController.swift in Sources */ = {isa = PBXBuildFile; fileRef = 8607AE881F8361A40013001E /* MealViewController.swift */; };
		8607AE8C1F8361A40013001E /* Main.storyboard in Resources */ = {isa = PBXBuildFile; fileRef = 8607AE8A1F8361A40013001E /* Main.storyboard */; };
		8607AE8E1F8361A40013001E /* Assets.xcassets in Resources */ = {isa = PBXBuildFile; fileRef = 8607AE8D1F8361A40013001E /* Assets.xcassets */; };
		8607AE911F8361A40013001E /* LaunchScreen.storyboard in Resources */ = {isa = PBXBuildFile; fileRef = 8607AE8F1F8361A40013001E /* LaunchScreen.storyboard */; };
		8607AE9C1F8361A40013001E /* FoodTrackerTests.swift in Sources */ = {isa = PBXBuildFile; fileRef = 8607AE9B1F8361A40013001E /* FoodTrackerTests.swift */; };
		8607AEA71F838E700013001E /* RatingControl.swift in Sources */ = {isa = PBXBuildFile; fileRef = 8607AEA61F838E700013001E /* RatingControl.swift */; };
		8607AEA91F83B3370013001E /* Meal.swift in Sources */ = {isa = PBXBuildFile; fileRef = 8607AEA81F83B3370013001E /* Meal.swift */; };
		86CB2C711F86131900372F89 /* MealTableViewCell.swift in Sources */ = {isa = PBXBuildFile; fileRef = 86CB2C701F86131900372F89 /* MealTableViewCell.swift */; };
		86CB2C731F8616F200372F89 /* MealTableViewController.swift in Sources */ = {isa = PBXBuildFile; fileRef = 86CB2C721F8616F200372F89 /* MealTableViewController.swift */; };
/* End PBXBuildFile section */

/* Begin PBXContainerItemProxy section */
		8607AE981F8361A40013001E /* PBXContainerItemProxy */ = {
			isa = PBXContainerItemProxy;
			containerPortal = 8607AE7B1F8361A40013001E /* Project object */;
			proxyType = 1;
			remoteGlobalIDString = 8607AE821F8361A40013001E;
			remoteInfo = FoodTracker;
		};
/* End PBXContainerItemProxy section */

/* Begin PBXFileReference section */
		8607AE831F8361A40013001E /* FoodTracker.app */ = {isa = PBXFileReference; explicitFileType = wrapper.application; includeInIndex = 0; path = FoodTracker.app; sourceTree = BUILT_PRODUCTS_DIR; };
		8607AE861F8361A40013001E /* AppDelegate.swift */ = {isa = PBXFileReference; lastKnownFileType = sourcecode.swift; path = AppDelegate.swift; sourceTree = "<group>"; };
		8607AE881F8361A40013001E /* MealViewController.swift */ = {isa = PBXFileReference; lastKnownFileType = sourcecode.swift; path = MealViewController.swift; sourceTree = "<group>"; };
		8607AE8B1F8361A40013001E /* Base */ = {isa = PBXFileReference; lastKnownFileType = file.storyboard; name = Base; path = Base.lproj/Main.storyboard; sourceTree = "<group>"; };
		8607AE8D1F8361A40013001E /* Assets.xcassets */ = {isa = PBXFileReference; lastKnownFileType = folder.assetcatalog; path = Assets.xcassets; sourceTree = "<group>"; };
		8607AE901F8361A40013001E /* Base */ = {isa = PBXFileReference; lastKnownFileType = file.storyboard; name = Base; path = Base.lproj/LaunchScreen.storyboard; sourceTree = "<group>"; };
		8607AE921F8361A40013001E /* Info.plist */ = {isa = PBXFileReference; lastKnownFileType = text.plist.xml; path = Info.plist; sourceTree = "<group>"; };
		8607AE971F8361A40013001E /* FoodTrackerTests.xctest */ = {isa = PBXFileReference; explicitFileType = wrapper.cfbundle; includeInIndex = 0; path = FoodTrackerTests.xctest; sourceTree = BUILT_PRODUCTS_DIR; };
		8607AE9B1F8361A40013001E /* FoodTrackerTests.swift */ = {isa = PBXFileReference; lastKnownFileType = sourcecode.swift; path = FoodTrackerTests.swift; sourceTree = "<group>"; };
		8607AE9D1F8361A40013001E /* Info.plist */ = {isa = PBXFileReference; lastKnownFileType = text.plist.xml; path = Info.plist; sourceTree = "<group>"; };
		8607AEA61F838E700013001E /* RatingControl.swift */ = {isa = PBXFileReference; lastKnownFileType = sourcecode.swift; path = RatingControl.swift; sourceTree = "<group>"; };
		8607AEA81F83B3370013001E /* Meal.swift */ = {isa = PBXFileReference; lastKnownFileType = sourcecode.swift; path = Meal.swift; sourceTree = "<group>"; };
		86CB2C701F86131900372F89 /* MealTableViewCell.swift */ = {isa = PBXFileReference; lastKnownFileType = sourcecode.swift; path = MealTableViewCell.swift; sourceTree = "<group>"; };
		86CB2C721F8616F200372F89 /* MealTableViewController.swift */ = {isa = PBXFileReference; lastKnownFileType = sourcecode.swift; path = MealTableViewController.swift; sourceTree = "<group>"; };
/* End PBXFileReference section */

/* Begin PBXFrameworksBuildPhase section */
		8607AE801F8361A40013001E /* Frameworks */ = {
			isa = PBXFrameworksBuildPhase;
			buildActionMask = 2147483647;
			files = (
			);
			runOnlyForDeploymentPostprocessing = 0;
		};
		8607AE941F8361A40013001E /* Frameworks */ = {
			isa = PBXFrameworksBuildPhase;
			buildActionMask = 2147483647;
			files = (
			);
			runOnlyForDeploymentPostprocessing = 0;
		};
/* End PBXFrameworksBuildPhase section */

/* Begin PBXGroup section */
		8607AE7A1F8361A40013001E = {
			isa = PBXGroup;
			children = (
				8607AE851F8361A40013001E /* FoodTracker */,
				8607AE9A1F8361A40013001E /* FoodTrackerTests */,
				8607AE841F8361A40013001E /* Products */,
			);
			sourceTree = "<group>";
		};
		8607AE841F8361A40013001E /* Products */ = {
			isa = PBXGroup;
			children = (
				8607AE831F8361A40013001E /* FoodTracker.app */,
				8607AE971F8361A40013001E /* FoodTrackerTests.xctest */,
			);
			name = Products;
			sourceTree = "<group>";
		};
		8607AE851F8361A40013001E /* FoodTracker */ = {
			isa = PBXGroup;
			children = (
				8607AE861F8361A40013001E /* AppDelegate.swift */,
				8607AE881F8361A40013001E /* MealViewController.swift */,
				8607AEA61F838E700013001E /* RatingControl.swift */,
				8607AEA81F83B3370013001E /* Meal.swift */,
				86CB2C701F86131900372F89 /* MealTableViewCell.swift */,
				86CB2C721F8616F200372F89 /* MealTableViewController.swift */,
				8607AE8A1F8361A40013001E /* Main.storyboard */,
				8607AE8D1F8361A40013001E /* Assets.xcassets */,
				8607AE8F1F8361A40013001E /* LaunchScreen.storyboard */,
				8607AE921F8361A40013001E /* Info.plist */,
			);
			path = FoodTracker;
			sourceTree = "<group>";
		};
		8607AE9A1F8361A40013001E /* FoodTrackerTests */ = {
			isa = PBXGroup;
			children = (
				8607AE9B1F8361A40013001E /* FoodTrackerTests.swift */,
				8607AE9D1F8361A40013001E /* Info.plist */,
			);
			path = FoodTrackerTests;
			sourceTree = "<group>";
		};
/* End PBXGroup section */

/* Begin PBXNativeTarget section */
		8607AE821F8361A40013001E /* FoodTracker */ = {
			isa = PBXNativeTarget;
			buildConfigurationList = 8607AEA01F8361A40013001E /* Build configuration list for PBXNativeTarget "FoodTracker" */;
			buildPhases = (
				8607AE7F1F8361A40013001E /* Sources */,
				8607AE801F8361A40013001E /* Frameworks */,
				8607AE811F8361A40013001E /* Resources */,
			);
			buildRules = (
			);
			dependencies = (
			);
			name = FoodTracker;
			productName = FoodTracker;
			productReference = 8607AE831F8361A40013001E /* FoodTracker.app */;
			productType = "com.apple.product-type.application";
		};
		8607AE961F8361A40013001E /* FoodTrackerTests */ = {
			isa = PBXNativeTarget;
			buildConfigurationList = 8607AEA31F8361A40013001E /* Build configuration list for PBXNativeTarget "FoodTrackerTests" */;
			buildPhases = (
				8607AE931F8361A40013001E /* Sources */,
				8607AE941F8361A40013001E /* Frameworks */,
				8607AE951F8361A40013001E /* Resources */,
			);
			buildRules = (
			);
			dependencies = (
				8607AE991F8361A40013001E /* PBXTargetDependency */,
			);
			name = FoodTrackerTests;
			productName = FoodTrackerTests;
			productReference = 8607AE971F8361A40013001E /* FoodTrackerTests.xctest */;
			productType = "com.apple.product-type.bundle.unit-test";
		};
/* End PBXNativeTarget section */

/* Begin PBXProject section */
		8607AE7B1F8361A40013001E /* Project object */ = {
			isa = PBXProject;
			attributes = {
				LastSwiftUpdateCheck = 0900;
				LastUpgradeCheck = 0900;
				ORGANIZATIONNAME = "Kevin Chan";
				TargetAttributes = {
					8607AE821F8361A40013001E = {
						CreatedOnToolsVersion = 9.0;
						ProvisioningStyle = Automatic;
					};
					8607AE961F8361A40013001E = {
						CreatedOnToolsVersion = 9.0;
						ProvisioningStyle = Automatic;
						TestTargetID = 8607AE821F8361A40013001E;
					};
				};
			};
			buildConfigurationList = 8607AE7E1F8361A40013001E /* Build configuration list for PBXProject "FoodTracker" */;
			compatibilityVersion = "Xcode 8.0";
			developmentRegion = en;
			hasScannedForEncodings = 0;
			knownRegions = (
				en,
				Base,
			);
			mainGroup = 8607AE7A1F8361A40013001E;
			productRefGroup = 8607AE841F8361A40013001E /* Products */;
			projectDirPath = "";
			projectRoot = "";
			targets = (
				8607AE821F8361A40013001E /* FoodTracker */,
				8607AE961F8361A40013001E /* FoodTrackerTests */,
			);
		};
/* End PBXProject section */

/* Begin PBXResourcesBuildPhase section */
		8607AE811F8361A40013001E /* Resources */ = {
			isa = PBXResourcesBuildPhase;
			buildActionMask = 2147483647;
			files = (
				8607AE911F8361A40013001E /* LaunchScreen.storyboard in Resources */,
				8607AE8E1F8361A40013001E /* Assets.xcassets in Resources */,
				8607AE8C1F8361A40013001E /* Main.storyboard in Resources */,
			);
			runOnlyForDeploymentPostprocessing = 0;
		};
		8607AE951F8361A40013001E /* Resources */ = {
			isa = PBXResourcesBuildPhase;
			buildActionMask = 2147483647;
			files = (
			);
			runOnlyForDeploymentPostprocessing = 0;
		};
/* End PBXResourcesBuildPhase section */

/* Begin PBXSourcesBuildPhase section */
		8607AE7F1F8361A40013001E /* Sources */ = {
			isa = PBXSourcesBuildPhase;
			buildActionMask = 2147483647;
			files = (
				8607AEA91F83B3370013001E /* Meal.swift in Sources */,
				8607AE891F8361A40013001E /* MealViewController.swift in Sources */,
				8607AEA71F838E700013001E /* RatingControl.swift in Sources */,
				8607AE871F8361A40013001E /* AppDelegate.swift in Sources */,
				86CB2C731F8616F200372F89 /* MealTableViewController.swift in Sources */,
				86CB2C711F86131900372F89 /* MealTableViewCell.swift in Sources */,
			);
			runOnlyForDeploymentPostprocessing = 0;
		};
		8607AE931F8361A40013001E /* Sources */ = {
			isa = PBXSourcesBuildPhase;
			buildActionMask = 2147483647;
			files = (
				8607AE9C1F8361A40013001E /* FoodTrackerTests.swift in Sources */,
			);
			runOnlyForDeploymentPostprocessing = 0;
		};
/* End PBXSourcesBuildPhase section */

/* Begin PBXTargetDependency section */
		8607AE991F8361A40013001E /* PBXTargetDependency */ = {
			isa = PBXTargetDependency;
			target = 8607AE821F8361A40013001E /* FoodTracker */;
			targetProxy = 8607AE981F8361A40013001E /* PBXContainerItemProxy */;
		};
/* End PBXTargetDependency section */

/* Begin PBXVariantGroup section */
		8607AE8A1F8361A40013001E /* Main.storyboard */ = {
			isa = PBXVariantGroup;
			children = (
				8607AE8B1F8361A40013001E /* Base */,
			);
			name = Main.storyboard;
			sourceTree = "<group>";
		};
		8607AE8F1F8361A40013001E /* LaunchScreen.storyboard */ = {
			isa = PBXVariantGroup;
			children = (
				8607AE901F8361A40013001E /* Base */,
			);
			name = LaunchScreen.storyboard;
			sourceTree = "<group>";
		};
/* End PBXVariantGroup section */

/* Begin XCBuildConfiguration section */
		8607AE9E1F8361A40013001E /* Debug */ = {
			isa = XCBuildConfiguration;
			buildSettings = {
				ALWAYS_SEARCH_USER_PATHS = NO;
				CLANG_ANALYZER_NONNULL = YES;
				CLANG_ANALYZER_NUMBER_OBJECT_CONVERSION = YES_AGGRESSIVE;
				CLANG_CXX_LANGUAGE_STANDARD = "gnu++14";
				CLANG_CXX_LIBRARY = "libc++";
				CLANG_ENABLE_MODULES = YES;
				CLANG_ENABLE_OBJC_ARC = YES;
				CLANG_WARN_BLOCK_CAPTURE_AUTORELEASING = YES;
				CLANG_WARN_BOOL_CONVERSION = YES;
				CLANG_WARN_COMMA = YES;
				CLANG_WARN_CONSTANT_CONVERSION = YES;
				CLANG_WARN_DIRECT_OBJC_ISA_USAGE = YES_ERROR;
				CLANG_WARN_DOCUMENTATION_COMMENTS = YES;
				CLANG_WARN_EMPTY_BODY = YES;
				CLANG_WARN_ENUM_CONVERSION = YES;
				CLANG_WARN_INFINITE_RECURSION = YES;
				CLANG_WARN_INT_CONVERSION = YES;
				CLANG_WARN_NON_LITERAL_NULL_CONVERSION = YES;
				CLANG_WARN_OBJC_LITERAL_CONVERSION = YES;
				CLANG_WARN_OBJC_ROOT_CLASS = YES_ERROR;
				CLANG_WARN_RANGE_LOOP_ANALYSIS = YES;
				CLANG_WARN_STRICT_PROTOTYPES = YES;
				CLANG_WARN_SUSPICIOUS_MOVE = YES;
				CLANG_WARN_UNGUARDED_AVAILABILITY = YES_AGGRESSIVE;
				CLANG_WARN_UNREACHABLE_CODE = YES;
				CLANG_WARN__DUPLICATE_METHOD_MATCH = YES;
				CODE_SIGN_IDENTITY = "iPhone Developer";
				COPY_PHASE_STRIP = NO;
				DEBUG_INFORMATION_FORMAT = dwarf;
				ENABLE_STRICT_OBJC_MSGSEND = YES;
				ENABLE_TESTABILITY = YES;
				GCC_C_LANGUAGE_STANDARD = gnu11;
				GCC_DYNAMIC_NO_PIC = NO;
				GCC_NO_COMMON_BLOCKS = YES;
				GCC_OPTIMIZATION_LEVEL = 0;
				GCC_PREPROCESSOR_DEFINITIONS = (
					"DEBUG=1",
					"$(inherited)",
				);
				GCC_WARN_64_TO_32_BIT_CONVERSION = YES;
				GCC_WARN_ABOUT_RETURN_TYPE = YES_ERROR;
				GCC_WARN_UNDECLARED_SELECTOR = YES;
				GCC_WARN_UNINITIALIZED_AUTOS = YES_AGGRESSIVE;
				GCC_WARN_UNUSED_FUNCTION = YES;
				GCC_WARN_UNUSED_VARIABLE = YES;
				IPHONEOS_DEPLOYMENT_TARGET = 11.0;
				MTL_ENABLE_DEBUG_INFO = YES;
				ONLY_ACTIVE_ARCH = YES;
				SDKROOT = iphoneos;
				SWIFT_ACTIVE_COMPILATION_CONDITIONS = DEBUG;
				SWIFT_OPTIMIZATION_LEVEL = "-Onone";
			};
			name = Debug;
		};
		8607AE9F1F8361A40013001E /* Release */ = {
			isa = XCBuildConfiguration;
			buildSettings = {
				ALWAYS_SEARCH_USER_PATHS = NO;
				CLANG_ANALYZER_NONNULL = YES;
				CLANG_ANALYZER_NUMBER_OBJECT_CONVERSION = YES_AGGRESSIVE;
				CLANG_CXX_LANGUAGE_STANDARD = "gnu++14";
				CLANG_CXX_LIBRARY = "libc++";
				CLANG_ENABLE_MODULES = YES;
				CLANG_ENABLE_OBJC_ARC = YES;
				CLANG_WARN_BLOCK_CAPTURE_AUTORELEASING = YES;
				CLANG_WARN_BOOL_CONVERSION = YES;
				CLANG_WARN_COMMA = YES;
				CLANG_WARN_CONSTANT_CONVERSION = YES;
				CLANG_WARN_DIRECT_OBJC_ISA_USAGE = YES_ERROR;
				CLANG_WARN_DOCUMENTATION_COMMENTS = YES;
				CLANG_WARN_EMPTY_BODY = YES;
				CLANG_WARN_ENUM_CONVERSION = YES;
				CLANG_WARN_INFINITE_RECURSION = YES;
				CLANG_WARN_INT_CONVERSION = YES;
				CLANG_WARN_NON_LITERAL_NULL_CONVERSION = YES;
				CLANG_WARN_OBJC_LITERAL_CONVERSION = YES;
				CLANG_WARN_OBJC_ROOT_CLASS = YES_ERROR;
				CLANG_WARN_RANGE_LOOP_ANALYSIS = YES;
				CLANG_WARN_STRICT_PROTOTYPES = YES;
				CLANG_WARN_SUSPICIOUS_MOVE = YES;
				CLANG_WARN_UNGUARDED_AVAILABILITY = YES_AGGRESSIVE;
				CLANG_WARN_UNREACHABLE_CODE = YES;
				CLANG_WARN__DUPLICATE_METHOD_MATCH = YES;
				CODE_SIGN_IDENTITY = "iPhone Developer";
				COPY_PHASE_STRIP = NO;
				DEBUG_INFORMATION_FORMAT = "dwarf-with-dsym";
				ENABLE_NS_ASSERTIONS = NO;
				ENABLE_STRICT_OBJC_MSGSEND = YES;
				GCC_C_LANGUAGE_STANDARD = gnu11;
				GCC_NO_COMMON_BLOCKS = YES;
				GCC_WARN_64_TO_32_BIT_CONVERSION = YES;
				GCC_WARN_ABOUT_RETURN_TYPE = YES_ERROR;
				GCC_WARN_UNDECLARED_SELECTOR = YES;
				GCC_WARN_UNINITIALIZED_AUTOS = YES_AGGRESSIVE;
				GCC_WARN_UNUSED_FUNCTION = YES;
				GCC_WARN_UNUSED_VARIABLE = YES;
				IPHONEOS_DEPLOYMENT_TARGET = 11.0;
				MTL_ENABLE_DEBUG_INFO = NO;
				SDKROOT = iphoneos;
				SWIFT_OPTIMIZATION_LEVEL = "-Owholemodule";
				VALIDATE_PRODUCT = YES;
			};
			name = Release;
		};
		8607AEA11F8361A40013001E /* Debug */ = {
			isa = XCBuildConfiguration;
			buildSettings = {
				ASSETCATALOG_COMPILER_APPICON_NAME = AppIcon;
				CODE_SIGN_STYLE = Automatic;
				INFOPLIST_FILE = FoodTracker/Info.plist;
				LD_RUNPATH_SEARCH_PATHS = "$(inherited) @executable_path/Frameworks";
				PRODUCT_BUNDLE_IDENTIFIER = com.kchan.FoodTracker;
				PRODUCT_NAME = "$(TARGET_NAME)";
				SWIFT_VERSION = 4.0;
				TARGETED_DEVICE_FAMILY = "1,2";
			};
			name = Debug;
		};
		8607AEA21F8361A40013001E /* Release */ = {
			isa = XCBuildConfiguration;
			buildSettings = {
				ASSETCATALOG_COMPILER_APPICON_NAME = AppIcon;
				CODE_SIGN_STYLE = Automatic;
				INFOPLIST_FILE = FoodTracker/Info.plist;
				LD_RUNPATH_SEARCH_PATHS = "$(inherited) @executable_path/Frameworks";
				PRODUCT_BUNDLE_IDENTIFIER = com.kchan.FoodTracker;
				PRODUCT_NAME = "$(TARGET_NAME)";
				SWIFT_VERSION = 4.0;
				TARGETED_DEVICE_FAMILY = "1,2";
			};
			name = Release;
		};
		8607AEA41F8361A40013001E /* Debug */ = {
			isa = XCBuildConfiguration;
			buildSettings = {
				ALWAYS_EMBED_SWIFT_STANDARD_LIBRARIES = YES;
				BUNDLE_LOADER = "$(TEST_HOST)";
				CODE_SIGN_STYLE = Automatic;
				INFOPLIST_FILE = FoodTrackerTests/Info.plist;
				LD_RUNPATH_SEARCH_PATHS = "$(inherited) @executable_path/Frameworks @loader_path/Frameworks";
				PRODUCT_BUNDLE_IDENTIFIER = com.kchan.FoodTrackerTests;
				PRODUCT_NAME = "$(TARGET_NAME)";
				SWIFT_VERSION = 4.0;
				TARGETED_DEVICE_FAMILY = "1,2";
				TEST_HOST = "$(BUILT_PRODUCTS_DIR)/FoodTracker.app/FoodTracker";
			};
			name = Debug;
		};
		8607AEA51F8361A40013001E /* Release */ = {
			isa = XCBuildConfiguration;
			buildSettings = {
				ALWAYS_EMBED_SWIFT_STANDARD_LIBRARIES = YES;
				BUNDLE_LOADER = "$(TEST_HOST)";
				CODE_SIGN_STYLE = Automatic;
				INFOPLIST_FILE = FoodTrackerTests/Info.plist;
				LD_RUNPATH_SEARCH_PATHS = "$(inherited) @executable_path/Frameworks @loader_path/Frameworks";
				PRODUCT_BUNDLE_IDENTIFIER = com.kchan.FoodTrackerTests;
				PRODUCT_NAME = "$(TARGET_NAME)";
				SWIFT_VERSION = 4.0;
				TARGETED_DEVICE_FAMILY = "1,2";
				TEST_HOST = "$(BUILT_PRODUCTS_DIR)/FoodTracker.app/FoodTracker";
			};
			name = Release;
		};
/* End XCBuildConfiguration section */

/* Begin XCConfigurationList section */
		8607AE7E1F8361A40013001E /* Build configuration list for PBXProject "FoodTracker" */ = {
			isa = XCConfigurationList;
			buildConfigurations = (
				8607AE9E1F8361A40013001E /* Debug */,
				8607AE9F1F8361A40013001E /* Release */,
			);
			defaultConfigurationIsVisible = 0;
			defaultConfigurationName = Release;
		};
		8607AEA01F8361A40013001E /* Build configuration list for PBXNativeTarget "FoodTracker" */ = {
			isa = XCConfigurationList;
			buildConfigurations = (
				8607AEA11F8361A40013001E /* Debug */,
				8607AEA21F8361A40013001E /* Release */,
			);
			defaultConfigurationIsVisible = 0;
			defaultConfigurationName = Release;
		};
		8607AEA31F8361A40013001E /* Build configuration list for PBXNativeTarget "FoodTrackerTests" */ = {
			isa = XCConfigurationList;
			buildConfigurations = (
				8607AEA41F8361A40013001E /* Debug */,
				8607AEA51F8361A40013001E /* Release */,
			);
			defaultConfigurationIsVisible = 0;
			defaultConfigurationName = Release;
		};
/* End XCConfigurationList section */
	};
	rootObject = 8607AE7B1F8361A40013001E /* Project object */;
}
